
Microsoft Visual Studio Solution File, Format Version 12.00
# Visual Studio Version 16
VisualStudioVersion = 16.0.30523.141
MinimumVisualStudioVersion = 10.0.40219.1
Project("{9A19103F-16F7-4668-BE54-9A1E7A4F7556}") = "Mmu.Rl.WpfUi", "Sources\WpfUi\Mmu.Rl.WpfUi.csproj", "{44696BE9-0BDA-4A89-A036-870DEE05F405}"
EndProject
Global
	GlobalSection(SolutionConfigurationPlatforms) = preSolution
		Debug|Any CPU = Debug|Any CPU
		Release|Any CPU = Release|Any CPU
	EndGlobalSection
	GlobalSection(ProjectConfigurationPlatforms) = postSolution
		{44696BE9-0BDA-4A89-A036-870DEE05F405}.Debug|Any CPU.ActiveCfg = Debug|Any CPU
		{44696BE9-0BDA-4A89-A036-870DEE05F405}.Debug|Any CPU.Build.0 = Debug|Any CPU
		{44696BE9-0BDA-4A89-A036-870DEE05F405}.Release|Any CPU.ActiveCfg = Release|Any CPU
		{44696BE9-0BDA-4A89-A036-870DEE05F405}.Release|Any CPU.Build.0 = Release|Any CPU
	EndGlobalSection
	GlobalSection(SolutionProperties) = preSolution
		HideSolutionNode = FALSE
	EndGlobalSection
	GlobalSection(ExtensibilityGlobals) = postSolution
		SolutionGuid = {60E56B02-E959-4CDC-82E6-C66B38750DE5}
	EndGlobalSection
EndGlobal
